// !$*UTF8*$!
{
	archiveVersion = 1;
	classes = {
	};
	objectVersion = 56;
	objects = {

/* Begin PBXBuildFile section */
		7A810EB12AFD6F9400121F4B /* AppDelegate.swift in Sources */ = {isa = PBXBuildFile; fileRef = 7A810EB02AFD6F9400121F4B /* AppDelegate.swift */; };
		7A810EBD2AFD6F9600121F4B /* Assets.xcassets in Resources */ = {isa = PBXBuildFile; fileRef = 7A810EBC2AFD6F9600121F4B /* Assets.xcassets */; };
		7A810EC02AFD6F9600121F4B /* LaunchScreen.storyboard in Resources */ = {isa = PBXBuildFile; fileRef = 7A810EBE2AFD6F9600121F4B /* LaunchScreen.storyboard */; };
		7A810EC92AFD700200121F4B /* APIService.swift in Sources */ = {isa = PBXBuildFile; fileRef = 7A810EC82AFD700200121F4B /* APIService.swift */; };
		7A810ECB2AFD701B00121F4B /* CartService.swift in Sources */ = {isa = PBXBuildFile; fileRef = 7A810ECA2AFD701B00121F4B /* CartService.swift */; };
		7A810ECE2AFD703D00121F4B /* ProductCategoryCollectionViewCell.swift in Sources */ = {isa = PBXBuildFile; fileRef = 7A810ECD2AFD703D00121F4B /* ProductCategoryCollectionViewCell.swift */; };
		7A810ED02AFD704C00121F4B /* ProductCollectionViewCell.swift in Sources */ = {isa = PBXBuildFile; fileRef = 7A810ECF2AFD704C00121F4B /* ProductCollectionViewCell.swift */; };
		7A810ED22AFD706000121F4B /* CartCollectionViewCell.swift in Sources */ = {isa = PBXBuildFile; fileRef = 7A810ED12AFD706000121F4B /* CartCollectionViewCell.swift */; };
		7A810ED42AFD707800121F4B /* CategoryScroll.swift in Sources */ = {isa = PBXBuildFile; fileRef = 7A810ED32AFD707800121F4B /* CategoryScroll.swift */; };
		7A810ED62AFD708B00121F4B /* CustomUnderlineTextField.swift in Sources */ = {isa = PBXBuildFile; fileRef = 7A810ED52AFD708B00121F4B /* CustomUnderlineTextField.swift */; };
		7A810EDA2AFD70B100121F4B /* CustomAlert.swift in Sources */ = {isa = PBXBuildFile; fileRef = 7A810ED92AFD70B100121F4B /* CustomAlert.swift */; };
		7A810EDD2AFD70CB00121F4B /* ProductCategory.swift in Sources */ = {isa = PBXBuildFile; fileRef = 7A810EDC2AFD70CB00121F4B /* ProductCategory.swift */; };
		7A810EDF2AFD70D500121F4B /* Product.swift in Sources */ = {isa = PBXBuildFile; fileRef = 7A810EDE2AFD70D500121F4B /* Product.swift */; };
		7A810EE12AFD70DF00121F4B /* Order.swift in Sources */ = {isa = PBXBuildFile; fileRef = 7A810EE02AFD70DF00121F4B /* Order.swift */; };
		7A810EE52AFD711000121F4B /* MainTabBarController.swift in Sources */ = {isa = PBXBuildFile; fileRef = 7A810EE42AFD711000121F4B /* MainTabBarController.swift */; };
		7A810EE72AFD712700121F4B /* MainViewController.swift in Sources */ = {isa = PBXBuildFile; fileRef = 7A810EE62AFD712700121F4B /* MainViewController.swift */; };
		7A810EE92AFD713200121F4B /* CartViewController.swift in Sources */ = {isa = PBXBuildFile; fileRef = 7A810EE82AFD713200121F4B /* CartViewController.swift */; };
		7A810EEB2AFD714000121F4B /* HistoryViewController.swift in Sources */ = {isa = PBXBuildFile; fileRef = 7A810EEA2AFD714000121F4B /* HistoryViewController.swift */; };
		7A810EED2AFD714B00121F4B /* InfoViewController.swift in Sources */ = {isa = PBXBuildFile; fileRef = 7A810EEC2AFD714B00121F4B /* InfoViewController.swift */; };
		7A810EF02AFD717900121F4B /* ProductListViewController.swift in Sources */ = {isa = PBXBuildFile; fileRef = 7A810EEF2AFD717900121F4B /* ProductListViewController.swift */; };
		7A810EF22AFD718600121F4B /* ProductBottomSheetViewController.swift in Sources */ = {isa = PBXBuildFile; fileRef = 7A810EF12AFD718600121F4B /* ProductBottomSheetViewController.swift */; };
		7A810EF42AFD719300121F4B /* OrderConfirmationViewController.swift in Sources */ = {isa = PBXBuildFile; fileRef = 7A810EF32AFD719300121F4B /* OrderConfirmationViewController.swift */; };
		7A810EF62AFD71A100121F4B /* CustomAlertControllerViewController.swift in Sources */ = {isa = PBXBuildFile; fileRef = 7A810EF52AFD71A100121F4B /* CustomAlertControllerViewController.swift */; };
		7A810EF92AFD71C000121F4B /* Alamofire in Frameworks */ = {isa = PBXBuildFile; productRef = 7A810EF82AFD71C000121F4B /* Alamofire */; };
		7A810EFC2AFD71CD00121F4B /* Kingfisher in Frameworks */ = {isa = PBXBuildFile; productRef = 7A810EFB2AFD71CD00121F4B /* Kingfisher */; };
		7A810EFF2AFD71DD00121F4B /* SnapKit in Frameworks */ = {isa = PBXBuildFile; productRef = 7A810EFE2AFD71DD00121F4B /* SnapKit */; };
		7A810F012AFD71DD00121F4B /* SnapKit-Dynamic in Frameworks */ = {isa = PBXBuildFile; productRef = 7A810F002AFD71DD00121F4B /* SnapKit-Dynamic */; };
		7AA919012AFE0077006C65F9 /* DataPersistanceManager.swift in Sources */ = {isa = PBXBuildFile; fileRef = 7AA919002AFE0077006C65F9 /* DataPersistanceManager.swift */; };
		7AA919062AFE212A006C65F9 /* DataModel.xcdatamodeld in Sources */ = {isa = PBXBuildFile; fileRef = 7AA919042AFE212A006C65F9 /* DataModel.xcdatamodeld */; };
		7AA9190C2AFE22C9006C65F9 /* OrderModel+Custom.swift in Sources */ = {isa = PBXBuildFile; fileRef = 7AA9190B2AFE22C9006C65F9 /* OrderModel+Custom.swift */; };
		7AA9190E2AFE2619006C65F9 /* OrderCollectionViewCell.swift in Sources */ = {isa = PBXBuildFile; fileRef = 7AA9190D2AFE2619006C65F9 /* OrderCollectionViewCell.swift */; };
		7AA919102AFE39AA006C65F9 /* OrderViewController.swift in Sources */ = {isa = PBXBuildFile; fileRef = 7AA9190F2AFE39AA006C65F9 /* OrderViewController.swift */; };
		7AA919142AFE49A8006C65F9 /* OrderProductCollectionViewCell.swift in Sources */ = {isa = PBXBuildFile; fileRef = 7AA919132AFE49A8006C65F9 /* OrderProductCollectionViewCell.swift */; };
		7AA919162AFE6013006C65F9 /* CustomInfo.swift in Sources */ = {isa = PBXBuildFile; fileRef = 7AA919152AFE6013006C65F9 /* CustomInfo.swift */; };
		7AA919182AFE6053006C65F9 /* TrashView.swift in Sources */ = {isa = PBXBuildFile; fileRef = 7AA919172AFE6053006C65F9 /* TrashView.swift */; };
		7AA9191B2AFE6B4A006C65F9 /* Colors.swift in Sources */ = {isa = PBXBuildFile; fileRef = 7AA9191A2AFE6B4A006C65F9 /* Colors.swift */; };
/* End PBXBuildFile section */

/* Begin PBXFileReference section */
		7A810EAD2AFD6F9400121F4B /* EcoMarket.app */ = {isa = PBXFileReference; explicitFileType = wrapper.application; includeInIndex = 0; path = EcoMarket.app; sourceTree = BUILT_PRODUCTS_DIR; };
		7A810EB02AFD6F9400121F4B /* AppDelegate.swift */ = {isa = PBXFileReference; lastKnownFileType = sourcecode.swift; path = AppDelegate.swift; sourceTree = "<group>"; };
		7A810EBC2AFD6F9600121F4B /* Assets.xcassets */ = {isa = PBXFileReference; lastKnownFileType = folder.assetcatalog; path = Assets.xcassets; sourceTree = "<group>"; };
		7A810EBF2AFD6F9600121F4B /* Base */ = {isa = PBXFileReference; lastKnownFileType = file.storyboard; name = Base; path = Base.lproj/LaunchScreen.storyboard; sourceTree = "<group>"; };
		7A810EC12AFD6F9600121F4B /* Info.plist */ = {isa = PBXFileReference; lastKnownFileType = text.plist.xml; path = Info.plist; sourceTree = "<group>"; };
		7A810EC82AFD700200121F4B /* APIService.swift */ = {isa = PBXFileReference; lastKnownFileType = sourcecode.swift; path = APIService.swift; sourceTree = "<group>"; };
		7A810ECA2AFD701B00121F4B /* CartService.swift */ = {isa = PBXFileReference; lastKnownFileType = sourcecode.swift; path = CartService.swift; sourceTree = "<group>"; };
		7A810ECD2AFD703D00121F4B /* ProductCategoryCollectionViewCell.swift */ = {isa = PBXFileReference; lastKnownFileType = sourcecode.swift; path = ProductCategoryCollectionViewCell.swift; sourceTree = "<group>"; };
		7A810ECF2AFD704C00121F4B /* ProductCollectionViewCell.swift */ = {isa = PBXFileReference; lastKnownFileType = sourcecode.swift; path = ProductCollectionViewCell.swift; sourceTree = "<group>"; };
		7A810ED12AFD706000121F4B /* CartCollectionViewCell.swift */ = {isa = PBXFileReference; lastKnownFileType = sourcecode.swift; path = CartCollectionViewCell.swift; sourceTree = "<group>"; };
		7A810ED32AFD707800121F4B /* CategoryScroll.swift */ = {isa = PBXFileReference; lastKnownFileType = sourcecode.swift; path = CategoryScroll.swift; sourceTree = "<group>"; };
		7A810ED52AFD708B00121F4B /* CustomUnderlineTextField.swift */ = {isa = PBXFileReference; lastKnownFileType = sourcecode.swift; path = CustomUnderlineTextField.swift; sourceTree = "<group>"; };
		7A810ED92AFD70B100121F4B /* CustomAlert.swift */ = {isa = PBXFileReference; lastKnownFileType = sourcecode.swift; path = CustomAlert.swift; sourceTree = "<group>"; };
		7A810EDC2AFD70CB00121F4B /* ProductCategory.swift */ = {isa = PBXFileReference; lastKnownFileType = sourcecode.swift; path = ProductCategory.swift; sourceTree = "<group>"; };
		7A810EDE2AFD70D500121F4B /* Product.swift */ = {isa = PBXFileReference; lastKnownFileType = sourcecode.swift; path = Product.swift; sourceTree = "<group>"; };
		7A810EE02AFD70DF00121F4B /* Order.swift */ = {isa = PBXFileReference; lastKnownFileType = sourcecode.swift; path = Order.swift; sourceTree = "<group>"; };
		7A810EE42AFD711000121F4B /* MainTabBarController.swift */ = {isa = PBXFileReference; lastKnownFileType = sourcecode.swift; path = MainTabBarController.swift; sourceTree = "<group>"; };
		7A810EE62AFD712700121F4B /* MainViewController.swift */ = {isa = PBXFileReference; lastKnownFileType = sourcecode.swift; path = MainViewController.swift; sourceTree = "<group>"; };
		7A810EE82AFD713200121F4B /* CartViewController.swift */ = {isa = PBXFileReference; lastKnownFileType = sourcecode.swift; path = CartViewController.swift; sourceTree = "<group>"; };
		7A810EEA2AFD714000121F4B /* HistoryViewController.swift */ = {isa = PBXFileReference; lastKnownFileType = sourcecode.swift; path = HistoryViewController.swift; sourceTree = "<group>"; };
		7A810EEC2AFD714B00121F4B /* InfoViewController.swift */ = {isa = PBXFileReference; lastKnownFileType = sourcecode.swift; path = InfoViewController.swift; sourceTree = "<group>"; };
		7A810EEF2AFD717900121F4B /* ProductListViewController.swift */ = {isa = PBXFileReference; lastKnownFileType = sourcecode.swift; path = ProductListViewController.swift; sourceTree = "<group>"; };
		7A810EF12AFD718600121F4B /* ProductBottomSheetViewController.swift */ = {isa = PBXFileReference; lastKnownFileType = sourcecode.swift; path = ProductBottomSheetViewController.swift; sourceTree = "<group>"; };
		7A810EF32AFD719300121F4B /* OrderConfirmationViewController.swift */ = {isa = PBXFileReference; lastKnownFileType = sourcecode.swift; path = OrderConfirmationViewController.swift; sourceTree = "<group>"; };
		7A810EF52AFD71A100121F4B /* CustomAlertControllerViewController.swift */ = {isa = PBXFileReference; lastKnownFileType = sourcecode.swift; path = CustomAlertControllerViewController.swift; sourceTree = "<group>"; };
		7AA919002AFE0077006C65F9 /* DataPersistanceManager.swift */ = {isa = PBXFileReference; lastKnownFileType = sourcecode.swift; path = DataPersistanceManager.swift; sourceTree = "<group>"; };
		7AA919052AFE212A006C65F9 /* DataModel.xcdatamodel */ = {isa = PBXFileReference; lastKnownFileType = wrapper.xcdatamodel; path = DataModel.xcdatamodel; sourceTree = "<group>"; };
		7AA9190B2AFE22C9006C65F9 /* OrderModel+Custom.swift */ = {isa = PBXFileReference; lastKnownFileType = sourcecode.swift; path = "OrderModel+Custom.swift"; sourceTree = "<group>"; };
		7AA9190D2AFE2619006C65F9 /* OrderCollectionViewCell.swift */ = {isa = PBXFileReference; lastKnownFileType = sourcecode.swift; path = OrderCollectionViewCell.swift; sourceTree = "<group>"; };
		7AA9190F2AFE39AA006C65F9 /* OrderViewController.swift */ = {isa = PBXFileReference; lastKnownFileType = sourcecode.swift; path = OrderViewController.swift; sourceTree = "<group>"; };
		7AA919132AFE49A8006C65F9 /* OrderProductCollectionViewCell.swift */ = {isa = PBXFileReference; lastKnownFileType = sourcecode.swift; path = OrderProductCollectionViewCell.swift; sourceTree = "<group>"; };
		7AA919152AFE6013006C65F9 /* CustomInfo.swift */ = {isa = PBXFileReference; lastKnownFileType = sourcecode.swift; path = CustomInfo.swift; sourceTree = "<group>"; };
		7AA919172AFE6053006C65F9 /* TrashView.swift */ = {isa = PBXFileReference; lastKnownFileType = sourcecode.swift; path = TrashView.swift; sourceTree = "<group>"; };
		7AA9191A2AFE6B4A006C65F9 /* Colors.swift */ = {isa = PBXFileReference; lastKnownFileType = sourcecode.swift; path = Colors.swift; sourceTree = "<group>"; };
/* End PBXFileReference section */

/* Begin PBXFrameworksBuildPhase section */
		7A810EAA2AFD6F9400121F4B /* Frameworks */ = {
			isa = PBXFrameworksBuildPhase;
			buildActionMask = 2147483647;
			files = (
				7A810EFF2AFD71DD00121F4B /* SnapKit in Frameworks */,
				7A810EFC2AFD71CD00121F4B /* Kingfisher in Frameworks */,
				7A810EF92AFD71C000121F4B /* Alamofire in Frameworks */,
				7A810F012AFD71DD00121F4B /* SnapKit-Dynamic in Frameworks */,
			);
			runOnlyForDeploymentPostprocessing = 0;
		};
/* End PBXFrameworksBuildPhase section */

/* Begin PBXGroup section */
		7A810EA42AFD6F9400121F4B = {
			isa = PBXGroup;
			children = (
				7A810EAF2AFD6F9400121F4B /* EcoMarket */,
				7A810EAE2AFD6F9400121F4B /* Products */,
			);
			sourceTree = "<group>";
		};
		7A810EAE2AFD6F9400121F4B /* Products */ = {
			isa = PBXGroup;
			children = (
				7A810EAD2AFD6F9400121F4B /* EcoMarket.app */,
			);
			name = Products;
			sourceTree = "<group>";
		};
		7A810EAF2AFD6F9400121F4B /* EcoMarket */ = {
			isa = PBXGroup;
			children = (
				7A810EB02AFD6F9400121F4B /* AppDelegate.swift */,
				7A810EC72AFD6FF600121F4B /* Services */,
				7AA919192AFE6B3C006C65F9 /* Resources */,
				7A810ECC2AFD702800121F4B /* Views */,
				7A810EDB2AFD70B900121F4B /* Models */,
				7A810EE22AFD70EB00121F4B /* Controllers */,
				7A810EBC2AFD6F9600121F4B /* Assets.xcassets */,
				7A810EBE2AFD6F9600121F4B /* LaunchScreen.storyboard */,
				7A810EC12AFD6F9600121F4B /* Info.plist */,
				7AA919042AFE212A006C65F9 /* DataModel.xcdatamodeld */,
			);
			path = EcoMarket;
			sourceTree = "<group>";
		};
		7A810EC72AFD6FF600121F4B /* Services */ = {
			isa = PBXGroup;
			children = (
				7A810EC82AFD700200121F4B /* APIService.swift */,
				7A810ECA2AFD701B00121F4B /* CartService.swift */,
				7AA919002AFE0077006C65F9 /* DataPersistanceManager.swift */,
				7AA9190B2AFE22C9006C65F9 /* OrderModel+Custom.swift */,
			);
			path = Services;
			sourceTree = "<group>";
		};
		7A810ECC2AFD702800121F4B /* Views */ = {
			isa = PBXGroup;
			children = (
				7AA919112AFE39EB006C65F9 /* Cells */,
				7AA919122AFE39F8006C65F9 /* Custom Views */,
			);
			path = Views;
			sourceTree = "<group>";
		};
		7A810EDB2AFD70B900121F4B /* Models */ = {
			isa = PBXGroup;
			children = (
				7A810EE02AFD70DF00121F4B /* Order.swift */,
				7A810EDC2AFD70CB00121F4B /* ProductCategory.swift */,
				7A810EDE2AFD70D500121F4B /* Product.swift */,
			);
			path = Models;
			sourceTree = "<group>";
		};
		7A810EE22AFD70EB00121F4B /* Controllers */ = {
			isa = PBXGroup;
			children = (
				7A810EE32AFD70FD00121F4B /* Core */,
				7A810EEE2AFD715700121F4B /* General */,
			);
			path = Controllers;
			sourceTree = "<group>";
		};
		7A810EE32AFD70FD00121F4B /* Core */ = {
			isa = PBXGroup;
			children = (
				7A810EE42AFD711000121F4B /* MainTabBarController.swift */,
				7A810EE62AFD712700121F4B /* MainViewController.swift */,
				7A810EE82AFD713200121F4B /* CartViewController.swift */,
				7A810EEA2AFD714000121F4B /* HistoryViewController.swift */,
				7A810EEC2AFD714B00121F4B /* InfoViewController.swift */,
			);
			path = Core;
			sourceTree = "<group>";
		};
		7A810EEE2AFD715700121F4B /* General */ = {
			isa = PBXGroup;
			children = (
				7A810EEF2AFD717900121F4B /* ProductListViewController.swift */,
				7A810EF12AFD718600121F4B /* ProductBottomSheetViewController.swift */,
				7A810EF32AFD719300121F4B /* OrderConfirmationViewController.swift */,
				7A810EF52AFD71A100121F4B /* CustomAlertControllerViewController.swift */,
				7AA9190F2AFE39AA006C65F9 /* OrderViewController.swift */,
			);
			path = General;
			sourceTree = "<group>";
		};
		7AA919112AFE39EB006C65F9 /* Cells */ = {
			isa = PBXGroup;
			children = (
				7A810ECD2AFD703D00121F4B /* ProductCategoryCollectionViewCell.swift */,
				7A810ECF2AFD704C00121F4B /* ProductCollectionViewCell.swift */,
				7A810ED12AFD706000121F4B /* CartCollectionViewCell.swift */,
				7AA9190D2AFE2619006C65F9 /* OrderCollectionViewCell.swift */,
				7AA919132AFE49A8006C65F9 /* OrderProductCollectionViewCell.swift */,
			);
			path = Cells;
			sourceTree = "<group>";
		};
		7AA919122AFE39F8006C65F9 /* Custom Views */ = {
			isa = PBXGroup;
			children = (
				7A810ED32AFD707800121F4B /* CategoryScroll.swift */,
				7A810ED52AFD708B00121F4B /* CustomUnderlineTextField.swift */,
				7A810ED92AFD70B100121F4B /* CustomAlert.swift */,
				7AA919152AFE6013006C65F9 /* CustomInfo.swift */,
				7AA919172AFE6053006C65F9 /* TrashView.swift */,
			);
			path = "Custom Views";
			sourceTree = "<group>";
		};
		7AA919192AFE6B3C006C65F9 /* Resources */ = {
			isa = PBXGroup;
			children = (
				7AA9191A2AFE6B4A006C65F9 /* Colors.swift */,
			);
			path = Resources;
			sourceTree = "<group>";
		};
/* End PBXGroup section */

/* Begin PBXNativeTarget section */
		7A810EAC2AFD6F9400121F4B /* EcoMarket */ = {
			isa = PBXNativeTarget;
			buildConfigurationList = 7A810EC42AFD6F9600121F4B /* Build configuration list for PBXNativeTarget "EcoMarket" */;
			buildPhases = (
				7A810EA92AFD6F9400121F4B /* Sources */,
				7A810EAA2AFD6F9400121F4B /* Frameworks */,
				7A810EAB2AFD6F9400121F4B /* Resources */,
			);
			buildRules = (
			);
			dependencies = (
			);
			name = EcoMarket;
			packageProductDependencies = (
				7A810EF82AFD71C000121F4B /* Alamofire */,
				7A810EFB2AFD71CD00121F4B /* Kingfisher */,
				7A810EFE2AFD71DD00121F4B /* SnapKit */,
				7A810F002AFD71DD00121F4B /* SnapKit-Dynamic */,
			);
			productName = EcoMarket;
			productReference = 7A810EAD2AFD6F9400121F4B /* EcoMarket.app */;
			productType = "com.apple.product-type.application";
		};
/* End PBXNativeTarget section */

/* Begin PBXProject section */
		7A810EA52AFD6F9400121F4B /* Project object */ = {
			isa = PBXProject;
			attributes = {
				BuildIndependentTargetsInParallel = 1;
				LastSwiftUpdateCheck = 1500;
				LastUpgradeCheck = 1500;
				TargetAttributes = {
					7A810EAC2AFD6F9400121F4B = {
						CreatedOnToolsVersion = 15.0;
					};
				};
			};
			buildConfigurationList = 7A810EA82AFD6F9400121F4B /* Build configuration list for PBXProject "EcoMarket" */;
			compatibilityVersion = "Xcode 14.0";
			developmentRegion = en;
			hasScannedForEncodings = 0;
			knownRegions = (
				en,
				Base,
			);
			mainGroup = 7A810EA42AFD6F9400121F4B;
			packageReferences = (
				7A810EF72AFD71C000121F4B /* XCRemoteSwiftPackageReference "Alamofire" */,
				7A810EFA2AFD71CD00121F4B /* XCRemoteSwiftPackageReference "Kingfisher" */,
				7A810EFD2AFD71DD00121F4B /* XCRemoteSwiftPackageReference "SnapKit" */,
			);
			productRefGroup = 7A810EAE2AFD6F9400121F4B /* Products */;
			projectDirPath = "";
			projectRoot = "";
			targets = (
				7A810EAC2AFD6F9400121F4B /* EcoMarket */,
			);
		};
/* End PBXProject section */

/* Begin PBXResourcesBuildPhase section */
		7A810EAB2AFD6F9400121F4B /* Resources */ = {
			isa = PBXResourcesBuildPhase;
			buildActionMask = 2147483647;
			files = (
				7A810EC02AFD6F9600121F4B /* LaunchScreen.storyboard in Resources */,
				7A810EBD2AFD6F9600121F4B /* Assets.xcassets in Resources */,
			);
			runOnlyForDeploymentPostprocessing = 0;
		};
/* End PBXResourcesBuildPhase section */

/* Begin PBXSourcesBuildPhase section */
		7A810EA92AFD6F9400121F4B /* Sources */ = {
			isa = PBXSourcesBuildPhase;
			buildActionMask = 2147483647;
			files = (
				7AA9190C2AFE22C9006C65F9 /* OrderModel+Custom.swift in Sources */,
				7AA9191B2AFE6B4A006C65F9 /* Colors.swift in Sources */,
				7A810ED22AFD706000121F4B /* CartCollectionViewCell.swift in Sources */,
				7A810EF02AFD717900121F4B /* ProductListViewController.swift in Sources */,
				7A810EE52AFD711000121F4B /* MainTabBarController.swift in Sources */,
				7A810EF62AFD71A100121F4B /* CustomAlertControllerViewController.swift in Sources */,
				7AA919162AFE6013006C65F9 /* CustomInfo.swift in Sources */,
				7A810EF22AFD718600121F4B /* ProductBottomSheetViewController.swift in Sources */,
				7A810EDA2AFD70B100121F4B /* CustomAlert.swift in Sources */,
				7A810ED02AFD704C00121F4B /* ProductCollectionViewCell.swift in Sources */,
				7A810EDD2AFD70CB00121F4B /* ProductCategory.swift in Sources */,
				7A810ECE2AFD703D00121F4B /* ProductCategoryCollectionViewCell.swift in Sources */,
				7AA919062AFE212A006C65F9 /* DataModel.xcdatamodeld in Sources */,
				7A810EE72AFD712700121F4B /* MainViewController.swift in Sources */,
				7AA9190E2AFE2619006C65F9 /* OrderCollectionViewCell.swift in Sources */,
				7AA919182AFE6053006C65F9 /* TrashView.swift in Sources */,
				7A810EC92AFD700200121F4B /* APIService.swift in Sources */,
				7AA919142AFE49A8006C65F9 /* OrderProductCollectionViewCell.swift in Sources */,
				7A810ECB2AFD701B00121F4B /* CartService.swift in Sources */,
				7A810ED62AFD708B00121F4B /* CustomUnderlineTextField.swift in Sources */,
				7A810EB12AFD6F9400121F4B /* AppDelegate.swift in Sources */,
				7A810EE92AFD713200121F4B /* CartViewController.swift in Sources */,
				7A810EE12AFD70DF00121F4B /* Order.swift in Sources */,
				7A810EEB2AFD714000121F4B /* HistoryViewController.swift in Sources */,
				7A810ED42AFD707800121F4B /* CategoryScroll.swift in Sources */,
				7A810EDF2AFD70D500121F4B /* Product.swift in Sources */,
				7AA919012AFE0077006C65F9 /* DataPersistanceManager.swift in Sources */,
				7A810EF42AFD719300121F4B /* OrderConfirmationViewController.swift in Sources */,
				7A810EED2AFD714B00121F4B /* InfoViewController.swift in Sources */,
				7AA919102AFE39AA006C65F9 /* OrderViewController.swift in Sources */,
			);
			runOnlyForDeploymentPostprocessing = 0;
		};
/* End PBXSourcesBuildPhase section */

/* Begin PBXVariantGroup section */
		7A810EBE2AFD6F9600121F4B /* LaunchScreen.storyboard */ = {
			isa = PBXVariantGroup;
			children = (
				7A810EBF2AFD6F9600121F4B /* Base */,
			);
			name = LaunchScreen.storyboard;
			sourceTree = "<group>";
		};
/* End PBXVariantGroup section */

/* Begin XCBuildConfiguration section */
		7A810EC22AFD6F9600121F4B /* Debug */ = {
			isa = XCBuildConfiguration;
			buildSettings = {
				ALWAYS_SEARCH_USER_PATHS = NO;
				ASSETCATALOG_COMPILER_GENERATE_SWIFT_ASSET_SYMBOL_EXTENSIONS = YES;
				CLANG_ANALYZER_NONNULL = YES;
				CLANG_ANALYZER_NUMBER_OBJECT_CONVERSION = YES_AGGRESSIVE;
				CLANG_CXX_LANGUAGE_STANDARD = "gnu++20";
				CLANG_ENABLE_MODULES = YES;
				CLANG_ENABLE_OBJC_ARC = YES;
				CLANG_ENABLE_OBJC_WEAK = YES;
				CLANG_WARN_BLOCK_CAPTURE_AUTORELEASING = YES;
				CLANG_WARN_BOOL_CONVERSION = YES;
				CLANG_WARN_COMMA = YES;
				CLANG_WARN_CONSTANT_CONVERSION = YES;
				CLANG_WARN_DEPRECATED_OBJC_IMPLEMENTATIONS = YES;
				CLANG_WARN_DIRECT_OBJC_ISA_USAGE = YES_ERROR;
				CLANG_WARN_DOCUMENTATION_COMMENTS = YES;
				CLANG_WARN_EMPTY_BODY = YES;
				CLANG_WARN_ENUM_CONVERSION = YES;
				CLANG_WARN_INFINITE_RECURSION = YES;
				CLANG_WARN_INT_CONVERSION = YES;
				CLANG_WARN_NON_LITERAL_NULL_CONVERSION = YES;
				CLANG_WARN_OBJC_IMPLICIT_RETAIN_SELF = YES;
				CLANG_WARN_OBJC_LITERAL_CONVERSION = YES;
				CLANG_WARN_OBJC_ROOT_CLASS = YES_ERROR;
				CLANG_WARN_QUOTED_INCLUDE_IN_FRAMEWORK_HEADER = YES;
				CLANG_WARN_RANGE_LOOP_ANALYSIS = YES;
				CLANG_WARN_STRICT_PROTOTYPES = YES;
				CLANG_WARN_SUSPICIOUS_MOVE = YES;
				CLANG_WARN_UNGUARDED_AVAILABILITY = YES_AGGRESSIVE;
				CLANG_WARN_UNREACHABLE_CODE = YES;
				CLANG_WARN__DUPLICATE_METHOD_MATCH = YES;
				COPY_PHASE_STRIP = NO;
				DEBUG_INFORMATION_FORMAT = dwarf;
				ENABLE_STRICT_OBJC_MSGSEND = YES;
				ENABLE_TESTABILITY = YES;
				ENABLE_USER_SCRIPT_SANDBOXING = YES;
				GCC_C_LANGUAGE_STANDARD = gnu17;
				GCC_DYNAMIC_NO_PIC = NO;
				GCC_NO_COMMON_BLOCKS = YES;
				GCC_OPTIMIZATION_LEVEL = 0;
				GCC_PREPROCESSOR_DEFINITIONS = (
					"DEBUG=1",
					"$(inherited)",
				);
				GCC_WARN_64_TO_32_BIT_CONVERSION = YES;
				GCC_WARN_ABOUT_RETURN_TYPE = YES_ERROR;
				GCC_WARN_UNDECLARED_SELECTOR = YES;
				GCC_WARN_UNINITIALIZED_AUTOS = YES_AGGRESSIVE;
				GCC_WARN_UNUSED_FUNCTION = YES;
				GCC_WARN_UNUSED_VARIABLE = YES;
				IPHONEOS_DEPLOYMENT_TARGET = 17.0;
				LOCALIZATION_PREFERS_STRING_CATALOGS = YES;
				MTL_ENABLE_DEBUG_INFO = INCLUDE_SOURCE;
				MTL_FAST_MATH = YES;
				ONLY_ACTIVE_ARCH = YES;
				SDKROOT = iphoneos;
				SWIFT_ACTIVE_COMPILATION_CONDITIONS = "DEBUG $(inherited)";
				SWIFT_OPTIMIZATION_LEVEL = "-Onone";
			};
			name = Debug;
		};
		7A810EC32AFD6F9600121F4B /* Release */ = {
			isa = XCBuildConfiguration;
			buildSettings = {
				ALWAYS_SEARCH_USER_PATHS = NO;
				ASSETCATALOG_COMPILER_GENERATE_SWIFT_ASSET_SYMBOL_EXTENSIONS = YES;
				CLANG_ANALYZER_NONNULL = YES;
				CLANG_ANALYZER_NUMBER_OBJECT_CONVERSION = YES_AGGRESSIVE;
				CLANG_CXX_LANGUAGE_STANDARD = "gnu++20";
				CLANG_ENABLE_MODULES = YES;
				CLANG_ENABLE_OBJC_ARC = YES;
				CLANG_ENABLE_OBJC_WEAK = YES;
				CLANG_WARN_BLOCK_CAPTURE_AUTORELEASING = YES;
				CLANG_WARN_BOOL_CONVERSION = YES;
				CLANG_WARN_COMMA = YES;
				CLANG_WARN_CONSTANT_CONVERSION = YES;
				CLANG_WARN_DEPRECATED_OBJC_IMPLEMENTATIONS = YES;
				CLANG_WARN_DIRECT_OBJC_ISA_USAGE = YES_ERROR;
				CLANG_WARN_DOCUMENTATION_COMMENTS = YES;
				CLANG_WARN_EMPTY_BODY = YES;
				CLANG_WARN_ENUM_CONVERSION = YES;
				CLANG_WARN_INFINITE_RECURSION = YES;
				CLANG_WARN_INT_CONVERSION = YES;
				CLANG_WARN_NON_LITERAL_NULL_CONVERSION = YES;
				CLANG_WARN_OBJC_IMPLICIT_RETAIN_SELF = YES;
				CLANG_WARN_OBJC_LITERAL_CONVERSION = YES;
				CLANG_WARN_OBJC_ROOT_CLASS = YES_ERROR;
				CLANG_WARN_QUOTED_INCLUDE_IN_FRAMEWORK_HEADER = YES;
				CLANG_WARN_RANGE_LOOP_ANALYSIS = YES;
				CLANG_WARN_STRICT_PROTOTYPES = YES;
				CLANG_WARN_SUSPICIOUS_MOVE = YES;
				CLANG_WARN_UNGUARDED_AVAILABILITY = YES_AGGRESSIVE;
				CLANG_WARN_UNREACHABLE_CODE = YES;
				CLANG_WARN__DUPLICATE_METHOD_MATCH = YES;
				COPY_PHASE_STRIP = NO;
				DEBUG_INFORMATION_FORMAT = "dwarf-with-dsym";
				ENABLE_NS_ASSERTIONS = NO;
				ENABLE_STRICT_OBJC_MSGSEND = YES;
				ENABLE_USER_SCRIPT_SANDBOXING = YES;
				GCC_C_LANGUAGE_STANDARD = gnu17;
				GCC_NO_COMMON_BLOCKS = YES;
				GCC_WARN_64_TO_32_BIT_CONVERSION = YES;
				GCC_WARN_ABOUT_RETURN_TYPE = YES_ERROR;
				GCC_WARN_UNDECLARED_SELECTOR = YES;
				GCC_WARN_UNINITIALIZED_AUTOS = YES_AGGRESSIVE;
				GCC_WARN_UNUSED_FUNCTION = YES;
				GCC_WARN_UNUSED_VARIABLE = YES;
				IPHONEOS_DEPLOYMENT_TARGET = 17.0;
				LOCALIZATION_PREFERS_STRING_CATALOGS = YES;
				MTL_ENABLE_DEBUG_INFO = NO;
				MTL_FAST_MATH = YES;
				SDKROOT = iphoneos;
				SWIFT_COMPILATION_MODE = wholemodule;
				VALIDATE_PRODUCT = YES;
			};
			name = Release;
		};
		7A810EC52AFD6F9600121F4B /* Debug */ = {
			isa = XCBuildConfiguration;
			buildSettings = {
				ASSETCATALOG_COMPILER_APPICON_NAME = AppIcon;
				ASSETCATALOG_COMPILER_GLOBAL_ACCENT_COLOR_NAME = AccentColor;
				CODE_SIGN_STYLE = Automatic;
				CURRENT_PROJECT_VERSION = 1;
				DEVELOPMENT_TEAM = A6SAQ5UGJF;
				GENERATE_INFOPLIST_FILE = YES;
				INFOPLIST_FILE = EcoMarket/Info.plist;
				INFOPLIST_KEY_UIApplicationSupportsIndirectInputEvents = YES;
				INFOPLIST_KEY_UILaunchStoryboardName = LaunchScreen;
				INFOPLIST_KEY_UISupportedInterfaceOrientations_iPad = "UIInterfaceOrientationPortrait UIInterfaceOrientationPortraitUpsideDown UIInterfaceOrientationLandscapeLeft UIInterfaceOrientationLandscapeRight";
				INFOPLIST_KEY_UISupportedInterfaceOrientations_iPhone = "UIInterfaceOrientationPortrait UIInterfaceOrientationLandscapeLeft UIInterfaceOrientationLandscapeRight";
				LD_RUNPATH_SEARCH_PATHS = (
					"$(inherited)",
					"@executable_path/Frameworks",
				);
				MARKETING_VERSION = 1.0;
				PRODUCT_BUNDLE_IDENTIFIER = com.EcoMarket;
				PRODUCT_NAME = "$(TARGET_NAME)";
				SWIFT_EMIT_LOC_STRINGS = YES;
				SWIFT_VERSION = 5.0;
				TARGETED_DEVICE_FAMILY = "1,2";
			};
			name = Debug;
		};
		7A810EC62AFD6F9600121F4B /* Release */ = {
			isa = XCBuildConfiguration;
			buildSettings = {
				ASSETCATALOG_COMPILER_APPICON_NAME = AppIcon;
				ASSETCATALOG_COMPILER_GLOBAL_ACCENT_COLOR_NAME = AccentColor;
				CODE_SIGN_STYLE = Automatic;
				CURRENT_PROJECT_VERSION = 1;
				DEVELOPMENT_TEAM = A6SAQ5UGJF;
				GENERATE_INFOPLIST_FILE = YES;
				INFOPLIST_FILE = EcoMarket/Info.plist;
				INFOPLIST_KEY_UIApplicationSupportsIndirectInputEvents = YES;
				INFOPLIST_KEY_UILaunchStoryboardName = LaunchScreen;
				INFOPLIST_KEY_UISupportedInterfaceOrientations_iPad = "UIInterfaceOrientationPortrait UIInterfaceOrientationPortraitUpsideDown UIInterfaceOrientationLandscapeLeft UIInterfaceOrientationLandscapeRight";
				INFOPLIST_KEY_UISupportedInterfaceOrientations_iPhone = "UIInterfaceOrientationPortrait UIInterfaceOrientationLandscapeLeft UIInterfaceOrientationLandscapeRight";
				LD_RUNPATH_SEARCH_PATHS = (
					"$(inherited)",
					"@executable_path/Frameworks",
				);
				MARKETING_VERSION = 1.0;
				PRODUCT_BUNDLE_IDENTIFIER = com.EcoMarket;
				PRODUCT_NAME = "$(TARGET_NAME)";
				SWIFT_EMIT_LOC_STRINGS = YES;
				SWIFT_VERSION = 5.0;
				TARGETED_DEVICE_FAMILY = "1,2";
			};
			name = Release;
		};
/* End XCBuildConfiguration section */

/* Begin XCConfigurationList section */
		7A810EA82AFD6F9400121F4B /* Build configuration list for PBXProject "EcoMarket" */ = {
			isa = XCConfigurationList;
			buildConfigurations = (
				7A810EC22AFD6F9600121F4B /* Debug */,
				7A810EC32AFD6F9600121F4B /* Release */,
			);
			defaultConfigurationIsVisible = 0;
			defaultConfigurationName = Release;
		};
		7A810EC42AFD6F9600121F4B /* Build configuration list for PBXNativeTarget "EcoMarket" */ = {
			isa = XCConfigurationList;
			buildConfigurations = (
				7A810EC52AFD6F9600121F4B /* Debug */,
				7A810EC62AFD6F9600121F4B /* Release */,
			);
			defaultConfigurationIsVisible = 0;
			defaultConfigurationName = Release;
		};
/* End XCConfigurationList section */

/* Begin XCRemoteSwiftPackageReference section */
		7A810EF72AFD71C000121F4B /* XCRemoteSwiftPackageReference "Alamofire" */ = {
			isa = XCRemoteSwiftPackageReference;
			repositoryURL = "https://github.com/Alamofire/Alamofire.git";
			requirement = {
				kind = versionRange;
				maximumVersion = 6.0.0;
				minimumVersion = 5.8.1;
			};
		};
		7A810EFA2AFD71CD00121F4B /* XCRemoteSwiftPackageReference "Kingfisher" */ = {
			isa = XCRemoteSwiftPackageReference;
			repositoryURL = "https://github.com/onevcat/Kingfisher.git";
			requirement = {
				kind = versionRange;
				maximumVersion = 8.0.0;
				minimumVersion = 7.10.0;
			};
		};
		7A810EFD2AFD71DD00121F4B /* XCRemoteSwiftPackageReference "SnapKit" */ = {
			isa = XCRemoteSwiftPackageReference;
			repositoryURL = "https://github.com/SnapKit/SnapKit.git";
			requirement = {
				kind = versionRange;
				maximumVersion = 6.0.0;
				minimumVersion = 5.6.0;
			};
		};
/* End XCRemoteSwiftPackageReference section */

/* Begin XCSwiftPackageProductDependency section */
		7A810EF82AFD71C000121F4B /* Alamofire */ = {
			isa = XCSwiftPackageProductDependency;
			package = 7A810EF72AFD71C000121F4B /* XCRemoteSwiftPackageReference "Alamofire" */;
			productName = Alamofire;
		};
		7A810EFB2AFD71CD00121F4B /* Kingfisher */ = {
			isa = XCSwiftPackageProductDependency;
			package = 7A810EFA2AFD71CD00121F4B /* XCRemoteSwiftPackageReference "Kingfisher" */;
			productName = Kingfisher;
		};
		7A810EFE2AFD71DD00121F4B /* SnapKit */ = {
			isa = XCSwiftPackageProductDependency;
			package = 7A810EFD2AFD71DD00121F4B /* XCRemoteSwiftPackageReference "SnapKit" */;
			productName = SnapKit;
		};
		7A810F002AFD71DD00121F4B /* SnapKit-Dynamic */ = {
			isa = XCSwiftPackageProductDependency;
			package = 7A810EFD2AFD71DD00121F4B /* XCRemoteSwiftPackageReference "SnapKit" */;
			productName = "SnapKit-Dynamic";
		};
/* End XCSwiftPackageProductDependency section */

/* Begin XCVersionGroup section */
		7AA919042AFE212A006C65F9 /* DataModel.xcdatamodeld */ = {
			isa = XCVersionGroup;
			children = (
				7AA919052AFE212A006C65F9 /* DataModel.xcdatamodel */,
			);
			currentVersion = 7AA919052AFE212A006C65F9 /* DataModel.xcdatamodel */;
			path = DataModel.xcdatamodeld;
			sourceTree = "<group>";
			versionGroupType = wrapper.xcdatamodel;
		};
/* End XCVersionGroup section */
	};
	rootObject = 7A810EA52AFD6F9400121F4B /* Project object */;
}
